
Microsoft Visual Studio Solution File, Format Version 12.00
# Visual Studio Version 17
VisualStudioVersion = 17.6.33723.286
MinimumVisualStudioVersion = 10.0.40219.1
Project("{FAE04EC0-301F-11D3-BF4B-00C04F79EFBC}") = "exe_personne", "exe_personne.csproj", "{C3FD248E-21BC-40A1-81E7-0BFC8417CD0D}"
EndProject
Global
	GlobalSection(SolutionConfigurationPlatforms) = preSolution
		Debug|Any CPU = Debug|Any CPU
		Release|Any CPU = Release|Any CPU
	EndGlobalSection
	GlobalSection(ProjectConfigurationPlatforms) = postSolution
		{C3FD248E-21BC-40A1-81E7-0BFC8417CD0D}.Debug|Any CPU.ActiveCfg = Debug|Any CPU
		{C3FD248E-21BC-40A1-81E7-0BFC8417CD0D}.Debug|Any CPU.Build.0 = Debug|Any CPU
		{C3FD248E-21BC-40A1-81E7-0BFC8417CD0D}.Release|Any CPU.ActiveCfg = Release|Any CPU
		{C3FD248E-21BC-40A1-81E7-0BFC8417CD0D}.Release|Any CPU.Build.0 = Release|Any CPU
	EndGlobalSection
	GlobalSection(SolutionProperties) = preSolution
		HideSolutionNode = FALSE
	EndGlobalSection
	GlobalSection(ExtensibilityGlobals) = postSolution
		SolutionGuid = {3E1931F0-23FE-4C05-A4C7-9A48AC202935}
	EndGlobalSection
EndGlobal
